// !$*UTF8*$!
{
	archiveVersion = 1;
	classes = {
	};
	objectVersion = 55;
	objects = {

/* Begin PBXBuildFile section */
		D3BDFAFC28BA35DF0062FADD /* Color+Feed.swift in Sources */ = {isa = PBXBuildFile; fileRef = D3BDFAFB28BA35DF0062FADD /* Color+Feed.swift */; };
		D3BDFB0228BA36740062FADD /* FeedViewModel.swift in Sources */ = {isa = PBXBuildFile; fileRef = D3BDFB0128BA36740062FADD /* FeedViewModel.swift */; };
		D3BDFB0428BA49610062FADD /* Color+RGB.swift in Sources */ = {isa = PBXBuildFile; fileRef = D3BDFB0328BA49610062FADD /* Color+RGB.swift */; };
		E907806528B09D6A0045F339 /* RazrabsApp.swift in Sources */ = {isa = PBXBuildFile; fileRef = E907806428B09D6A0045F339 /* RazrabsApp.swift */; };
		E907806728B09D6A0045F339 /* FeedView.swift in Sources */ = {isa = PBXBuildFile; fileRef = E907806628B09D6A0045F339 /* FeedView.swift */; };
		E907806928B09D6D0045F339 /* Assets.xcassets in Resources */ = {isa = PBXBuildFile; fileRef = E907806828B09D6D0045F339 /* Assets.xcassets */; };
		E907806C28B09D6D0045F339 /* Preview Assets.xcassets in Resources */ = {isa = PBXBuildFile; fileRef = E907806B28B09D6D0045F339 /* Preview Assets.xcassets */; };
		E907808028B09D6D0045F339 /* RazrabsUITests.swift in Sources */ = {isa = PBXBuildFile; fileRef = E907807F28B09D6D0045F339 /* RazrabsUITests.swift */; };
		E907808228B09D6D0045F339 /* RazrabsUITestsLaunchTests.swift in Sources */ = {isa = PBXBuildFile; fileRef = E907808128B09D6D0045F339 /* RazrabsUITestsLaunchTests.swift */; };
		E907809028B09FC00045F339 /* RazrabsApi.swift in Sources */ = {isa = PBXBuildFile; fileRef = E907808F28B09FC00045F339 /* RazrabsApi.swift */; };
		E907809328B0AC380045F339 /* TagItem.swift in Sources */ = {isa = PBXBuildFile; fileRef = E907809228B0AC380045F339 /* TagItem.swift */; };
		E907809528B0ACA60045F339 /* TagItemTests.swift in Sources */ = {isa = PBXBuildFile; fileRef = E907809428B0ACA60045F339 /* TagItemTests.swift */; };
		E907809828B0AE150045F339 /* Then in Frameworks */ = {isa = PBXBuildFile; productRef = E907809728B0AE150045F339 /* Then */; };
		E907809A28B0F0470045F339 /* FeedItem.swift in Sources */ = {isa = PBXBuildFile; fileRef = E907809928B0F0470045F339 /* FeedItem.swift */; };
		E907809C28B0F1340045F339 /* FeedItemTests.swift in Sources */ = {isa = PBXBuildFile; fileRef = E907809B28B0F1340045F339 /* FeedItemTests.swift */; };
		E907809F28B0F21B0045F339 /* JSONDecoder+dataModelDecoder.swift in Sources */ = {isa = PBXBuildFile; fileRef = E907809E28B0F21B0045F339 /* JSONDecoder+dataModelDecoder.swift */; };
		E90780A228B12AC40045F339 /* Date+iso.swift in Sources */ = {isa = PBXBuildFile; fileRef = E90780A128B12AC40045F339 /* Date+iso.swift */; };
		E90780A428B133BA0045F339 /* TagItem+Equatable.swift in Sources */ = {isa = PBXBuildFile; fileRef = E90780A328B133BA0045F339 /* TagItem+Equatable.swift */; };
		E90780A628B1341E0045F339 /* FeedItem+Equatable.swift in Sources */ = {isa = PBXBuildFile; fileRef = E90780A528B1341E0045F339 /* FeedItem+Equatable.swift */; };
		E90780A828B136A40045F339 /* FeedResponse.swift in Sources */ = {isa = PBXBuildFile; fileRef = E90780A728B136A40045F339 /* FeedResponse.swift */; };
		E93EB7F128B60CE700338215 /* FrontPage+Equatable.swift in Sources */ = {isa = PBXBuildFile; fileRef = E93EB7F028B60CE700338215 /* FrontPage+Equatable.swift */; };
		E93EB7F328B60D3800338215 /* FrontPageTests.swift in Sources */ = {isa = PBXBuildFile; fileRef = E93EB7F228B60D3800338215 /* FrontPageTests.swift */; };
		E93EB7F628B6194500338215 /* CurrentFrontPageResponse.swift in Sources */ = {isa = PBXBuildFile; fileRef = E93EB7F528B6194500338215 /* CurrentFrontPageResponse.swift */; };
		E9BD098128B5E4450063CA24 /* Position.swift in Sources */ = {isa = PBXBuildFile; fileRef = E9BD098028B5E4450063CA24 /* Position.swift */; };
		E9BD098328B5E4970063CA24 /* PositionTests.swift in Sources */ = {isa = PBXBuildFile; fileRef = E9BD098228B5E4970063CA24 /* PositionTests.swift */; };
		E9BD098528B5E4E20063CA24 /* Position+Equatable.swift in Sources */ = {isa = PBXBuildFile; fileRef = E9BD098428B5E4E20063CA24 /* Position+Equatable.swift */; };
		E9BD098728B5EBFD0063CA24 /* SimplePost.swift in Sources */ = {isa = PBXBuildFile; fileRef = E9BD098628B5EBFD0063CA24 /* SimplePost.swift */; };
		E9BD098928B5EC790063CA24 /* SimplePost+Equatable.swift in Sources */ = {isa = PBXBuildFile; fileRef = E9BD098828B5EC790063CA24 /* SimplePost+Equatable.swift */; };
		E9BD098B28B5ECE60063CA24 /* SimplePostTests.swift in Sources */ = {isa = PBXBuildFile; fileRef = E9BD098A28B5ECE60063CA24 /* SimplePostTests.swift */; };
		E9BD098D28B5EFD30063CA24 /* Configuration.swift in Sources */ = {isa = PBXBuildFile; fileRef = E9BD098C28B5EFD30063CA24 /* Configuration.swift */; };
		E9BD098F28B5F0070063CA24 /* Configuration+Equatable.swift in Sources */ = {isa = PBXBuildFile; fileRef = E9BD098E28B5F0070063CA24 /* Configuration+Equatable.swift */; };
		E9BD099128B5F0480063CA24 /* ConfigurationTests.swift in Sources */ = {isa = PBXBuildFile; fileRef = E9BD099028B5F0480063CA24 /* ConfigurationTests.swift */; };
		E9BD099328B5F1500063CA24 /* ComponentItem.swift in Sources */ = {isa = PBXBuildFile; fileRef = E9BD099228B5F1500063CA24 /* ComponentItem.swift */; };
		E9BD099528B5F1900063CA24 /* ComponentItem+Equatable.swift in Sources */ = {isa = PBXBuildFile; fileRef = E9BD099428B5F1900063CA24 /* ComponentItem+Equatable.swift */; };
		E9BD099728B5F1D80063CA24 /* ComponentItemTests.swift in Sources */ = {isa = PBXBuildFile; fileRef = E9BD099628B5F1D80063CA24 /* ComponentItemTests.swift */; };
		E9BD099928B5F4450063CA24 /* PostOnFrontPage.swift in Sources */ = {isa = PBXBuildFile; fileRef = E9BD099828B5F4450063CA24 /* PostOnFrontPage.swift */; };
		E9BD099B28B5F6630063CA24 /* PostOnFrontPage+Equatable.swift in Sources */ = {isa = PBXBuildFile; fileRef = E9BD099A28B5F6630063CA24 /* PostOnFrontPage+Equatable.swift */; };
		E9BD099D28B5F6AA0063CA24 /* PostOnFrontPageTests.swift in Sources */ = {isa = PBXBuildFile; fileRef = E9BD099C28B5F6AA0063CA24 /* PostOnFrontPageTests.swift */; };
		E9BD099F28B601070063CA24 /* FrontPage.swift in Sources */ = {isa = PBXBuildFile; fileRef = E9BD099E28B601070063CA24 /* FrontPage.swift */; };
/* End PBXBuildFile section */

/* Begin PBXContainerItemProxy section */
		E907807228B09D6D0045F339 /* PBXContainerItemProxy */ = {
			isa = PBXContainerItemProxy;
			containerPortal = E907805928B09D6A0045F339 /* Project object */;
			proxyType = 1;
			remoteGlobalIDString = E907806028B09D6A0045F339;
			remoteInfo = Razrabs.ru;
		};
		E907807C28B09D6D0045F339 /* PBXContainerItemProxy */ = {
			isa = PBXContainerItemProxy;
			containerPortal = E907805928B09D6A0045F339 /* Project object */;
			proxyType = 1;
			remoteGlobalIDString = E907806028B09D6A0045F339;
			remoteInfo = Razrabs.ru;
		};
/* End PBXContainerItemProxy section */

/* Begin PBXFileReference section */
		D3BDFAFB28BA35DF0062FADD /* Color+Feed.swift */ = {isa = PBXFileReference; lastKnownFileType = sourcecode.swift; path = "Color+Feed.swift"; sourceTree = "<group>"; };
		D3BDFB0128BA36740062FADD /* FeedViewModel.swift */ = {isa = PBXFileReference; lastKnownFileType = sourcecode.swift; path = FeedViewModel.swift; sourceTree = "<group>"; };
		D3BDFB0328BA49610062FADD /* Color+RGB.swift */ = {isa = PBXFileReference; lastKnownFileType = sourcecode.swift; path = "Color+RGB.swift"; sourceTree = "<group>"; };
		E907806128B09D6A0045F339 /* Razrabs.app */ = {isa = PBXFileReference; explicitFileType = wrapper.application; includeInIndex = 0; path = Razrabs.app; sourceTree = BUILT_PRODUCTS_DIR; };
		E907806428B09D6A0045F339 /* RazrabsApp.swift */ = {isa = PBXFileReference; lastKnownFileType = sourcecode.swift; path = RazrabsApp.swift; sourceTree = "<group>"; };
		E907806628B09D6A0045F339 /* FeedView.swift */ = {isa = PBXFileReference; lastKnownFileType = sourcecode.swift; path = FeedView.swift; sourceTree = "<group>"; };
		E907806828B09D6D0045F339 /* Assets.xcassets */ = {isa = PBXFileReference; lastKnownFileType = folder.assetcatalog; path = Assets.xcassets; sourceTree = "<group>"; };
		E907806B28B09D6D0045F339 /* Preview Assets.xcassets */ = {isa = PBXFileReference; lastKnownFileType = folder.assetcatalog; path = "Preview Assets.xcassets"; sourceTree = "<group>"; };
		E907807128B09D6D0045F339 /* RazrabsTests.xctest */ = {isa = PBXFileReference; explicitFileType = wrapper.cfbundle; includeInIndex = 0; path = RazrabsTests.xctest; sourceTree = BUILT_PRODUCTS_DIR; };
		E907807B28B09D6D0045F339 /* RazrabsUITests.xctest */ = {isa = PBXFileReference; explicitFileType = wrapper.cfbundle; includeInIndex = 0; path = RazrabsUITests.xctest; sourceTree = BUILT_PRODUCTS_DIR; };
		E907807F28B09D6D0045F339 /* RazrabsUITests.swift */ = {isa = PBXFileReference; lastKnownFileType = sourcecode.swift; path = RazrabsUITests.swift; sourceTree = "<group>"; };
		E907808128B09D6D0045F339 /* RazrabsUITestsLaunchTests.swift */ = {isa = PBXFileReference; lastKnownFileType = sourcecode.swift; path = RazrabsUITestsLaunchTests.swift; sourceTree = "<group>"; };
		E907808F28B09FC00045F339 /* RazrabsApi.swift */ = {isa = PBXFileReference; lastKnownFileType = sourcecode.swift; path = RazrabsApi.swift; sourceTree = "<group>"; };
		E907809228B0AC380045F339 /* TagItem.swift */ = {isa = PBXFileReference; lastKnownFileType = sourcecode.swift; path = TagItem.swift; sourceTree = "<group>"; };
		E907809428B0ACA60045F339 /* TagItemTests.swift */ = {isa = PBXFileReference; lastKnownFileType = sourcecode.swift; path = TagItemTests.swift; sourceTree = "<group>"; };
		E907809928B0F0470045F339 /* FeedItem.swift */ = {isa = PBXFileReference; lastKnownFileType = sourcecode.swift; path = FeedItem.swift; sourceTree = "<group>"; };
		E907809B28B0F1340045F339 /* FeedItemTests.swift */ = {isa = PBXFileReference; lastKnownFileType = sourcecode.swift; path = FeedItemTests.swift; sourceTree = "<group>"; };
		E907809E28B0F21B0045F339 /* JSONDecoder+dataModelDecoder.swift */ = {isa = PBXFileReference; lastKnownFileType = sourcecode.swift; path = "JSONDecoder+dataModelDecoder.swift"; sourceTree = "<group>"; };
		E90780A128B12AC40045F339 /* Date+iso.swift */ = {isa = PBXFileReference; lastKnownFileType = sourcecode.swift; path = "Date+iso.swift"; sourceTree = "<group>"; };
		E90780A328B133BA0045F339 /* TagItem+Equatable.swift */ = {isa = PBXFileReference; lastKnownFileType = sourcecode.swift; path = "TagItem+Equatable.swift"; sourceTree = "<group>"; };
		E90780A528B1341E0045F339 /* FeedItem+Equatable.swift */ = {isa = PBXFileReference; lastKnownFileType = sourcecode.swift; path = "FeedItem+Equatable.swift"; sourceTree = "<group>"; };
		E90780A728B136A40045F339 /* FeedResponse.swift */ = {isa = PBXFileReference; lastKnownFileType = sourcecode.swift; path = FeedResponse.swift; sourceTree = "<group>"; };
		E93EB7F028B60CE700338215 /* FrontPage+Equatable.swift */ = {isa = PBXFileReference; lastKnownFileType = sourcecode.swift; path = "FrontPage+Equatable.swift"; sourceTree = "<group>"; };
		E93EB7F228B60D3800338215 /* FrontPageTests.swift */ = {isa = PBXFileReference; lastKnownFileType = sourcecode.swift; path = FrontPageTests.swift; sourceTree = "<group>"; };
		E93EB7F528B6194500338215 /* CurrentFrontPageResponse.swift */ = {isa = PBXFileReference; lastKnownFileType = sourcecode.swift; path = CurrentFrontPageResponse.swift; sourceTree = "<group>"; };
		E9BD098028B5E4450063CA24 /* Position.swift */ = {isa = PBXFileReference; lastKnownFileType = sourcecode.swift; path = Position.swift; sourceTree = "<group>"; };
		E9BD098228B5E4970063CA24 /* PositionTests.swift */ = {isa = PBXFileReference; lastKnownFileType = sourcecode.swift; path = PositionTests.swift; sourceTree = "<group>"; };
		E9BD098428B5E4E20063CA24 /* Position+Equatable.swift */ = {isa = PBXFileReference; lastKnownFileType = sourcecode.swift; path = "Position+Equatable.swift"; sourceTree = "<group>"; };
		E9BD098628B5EBFD0063CA24 /* SimplePost.swift */ = {isa = PBXFileReference; lastKnownFileType = sourcecode.swift; path = SimplePost.swift; sourceTree = "<group>"; };
		E9BD098828B5EC790063CA24 /* SimplePost+Equatable.swift */ = {isa = PBXFileReference; lastKnownFileType = sourcecode.swift; path = "SimplePost+Equatable.swift"; sourceTree = "<group>"; };
		E9BD098A28B5ECE60063CA24 /* SimplePostTests.swift */ = {isa = PBXFileReference; lastKnownFileType = sourcecode.swift; path = SimplePostTests.swift; sourceTree = "<group>"; };
		E9BD098C28B5EFD30063CA24 /* Configuration.swift */ = {isa = PBXFileReference; lastKnownFileType = sourcecode.swift; path = Configuration.swift; sourceTree = "<group>"; };
		E9BD098E28B5F0070063CA24 /* Configuration+Equatable.swift */ = {isa = PBXFileReference; lastKnownFileType = sourcecode.swift; path = "Configuration+Equatable.swift"; sourceTree = "<group>"; };
		E9BD099028B5F0480063CA24 /* ConfigurationTests.swift */ = {isa = PBXFileReference; lastKnownFileType = sourcecode.swift; path = ConfigurationTests.swift; sourceTree = "<group>"; };
		E9BD099228B5F1500063CA24 /* ComponentItem.swift */ = {isa = PBXFileReference; lastKnownFileType = sourcecode.swift; path = ComponentItem.swift; sourceTree = "<group>"; };
		E9BD099428B5F1900063CA24 /* ComponentItem+Equatable.swift */ = {isa = PBXFileReference; lastKnownFileType = sourcecode.swift; path = "ComponentItem+Equatable.swift"; sourceTree = "<group>"; };
		E9BD099628B5F1D80063CA24 /* ComponentItemTests.swift */ = {isa = PBXFileReference; lastKnownFileType = sourcecode.swift; path = ComponentItemTests.swift; sourceTree = "<group>"; };
		E9BD099828B5F4450063CA24 /* PostOnFrontPage.swift */ = {isa = PBXFileReference; lastKnownFileType = sourcecode.swift; path = PostOnFrontPage.swift; sourceTree = "<group>"; };
		E9BD099A28B5F6630063CA24 /* PostOnFrontPage+Equatable.swift */ = {isa = PBXFileReference; lastKnownFileType = sourcecode.swift; path = "PostOnFrontPage+Equatable.swift"; sourceTree = "<group>"; };
		E9BD099C28B5F6AA0063CA24 /* PostOnFrontPageTests.swift */ = {isa = PBXFileReference; lastKnownFileType = sourcecode.swift; path = PostOnFrontPageTests.swift; sourceTree = "<group>"; };
		E9BD099E28B601070063CA24 /* FrontPage.swift */ = {isa = PBXFileReference; lastKnownFileType = sourcecode.swift; path = FrontPage.swift; sourceTree = "<group>"; };
/* End PBXFileReference section */

/* Begin PBXFrameworksBuildPhase section */
		E907805E28B09D6A0045F339 /* Frameworks */ = {
			isa = PBXFrameworksBuildPhase;
			buildActionMask = 2147483647;
			files = (
				E907809828B0AE150045F339 /* Then in Frameworks */,
			);
			runOnlyForDeploymentPostprocessing = 0;
		};
		E907806E28B09D6D0045F339 /* Frameworks */ = {
			isa = PBXFrameworksBuildPhase;
			buildActionMask = 2147483647;
			files = (
			);
			runOnlyForDeploymentPostprocessing = 0;
		};
		E907807828B09D6D0045F339 /* Frameworks */ = {
			isa = PBXFrameworksBuildPhase;
			buildActionMask = 2147483647;
			files = (
			);
			runOnlyForDeploymentPostprocessing = 0;
		};
/* End PBXFrameworksBuildPhase section */

/* Begin PBXGroup section */
		D3BDFAFD28BA35E20062FADD /* Feed */ = {
			isa = PBXGroup;
			children = (
				D3BDFAFE28BA365C0062FADD /* Extensions */,
				D3BDFB0128BA36740062FADD /* FeedViewModel.swift */,
				E907806628B09D6A0045F339 /* FeedView.swift */,
			);
			path = Feed;
			sourceTree = "<group>";
		};
		D3BDFAFE28BA365C0062FADD /* Extensions */ = {
			isa = PBXGroup;
			children = (
				D3BDFAFB28BA35DF0062FADD /* Color+Feed.swift */,
			);
			path = Extensions;
			sourceTree = "<group>";
		};
		E907805828B09D6A0045F339 = {
			isa = PBXGroup;
			children = (
				E907806328B09D6A0045F339 /* Razrabs */,
				E907807428B09D6D0045F339 /* RazrabsTests */,
				E907807E28B09D6D0045F339 /* RazrabsUITests */,
				E907806228B09D6A0045F339 /* Products */,
			);
			sourceTree = "<group>";
		};
		E907806228B09D6A0045F339 /* Products */ = {
			isa = PBXGroup;
			children = (
				E907806128B09D6A0045F339 /* Razrabs.app */,
				E907807128B09D6D0045F339 /* RazrabsTests.xctest */,
				E907807B28B09D6D0045F339 /* RazrabsUITests.xctest */,
			);
			name = Products;
			sourceTree = "<group>";
		};
		E907806328B09D6A0045F339 /* Razrabs */ = {
			isa = PBXGroup;
			children = (
				D3BDFAFD28BA35E20062FADD /* Feed */,
				E907806428B09D6A0045F339 /* RazrabsApp.swift */,
				E907809D28B0F1FB0045F339 /* Extensions */,
				E907809128B0AC1A0045F339 /* DataModel */,
				E907808E28B09FB50045F339 /* Services */,
				E907806828B09D6D0045F339 /* Assets.xcassets */,
				E907806A28B09D6D0045F339 /* Preview Content */,
			);
			path = Razrabs;
			sourceTree = "<group>";
		};
		E907806A28B09D6D0045F339 /* Preview Content */ = {
			isa = PBXGroup;
			children = (
				E907806B28B09D6D0045F339 /* Preview Assets.xcassets */,
			);
			path = "Preview Content";
			sourceTree = "<group>";
		};
		E907807428B09D6D0045F339 /* RazrabsTests */ = {
			isa = PBXGroup;
			children = (
				E90780A028B12AB50045F339 /* Extensions */,
				E907809428B0ACA60045F339 /* TagItemTests.swift */,
				E907809B28B0F1340045F339 /* FeedItemTests.swift */,
				E9BD098228B5E4970063CA24 /* PositionTests.swift */,
				E9BD098A28B5ECE60063CA24 /* SimplePostTests.swift */,
				E9BD099028B5F0480063CA24 /* ConfigurationTests.swift */,
				E9BD099628B5F1D80063CA24 /* ComponentItemTests.swift */,
				E9BD099C28B5F6AA0063CA24 /* PostOnFrontPageTests.swift */,
				E93EB7F228B60D3800338215 /* FrontPageTests.swift */,
			);
			path = RazrabsTests;
			sourceTree = "<group>";
		};
		E907807E28B09D6D0045F339 /* RazrabsUITests */ = {
			isa = PBXGroup;
			children = (
				E907807F28B09D6D0045F339 /* RazrabsUITests.swift */,
				E907808128B09D6D0045F339 /* RazrabsUITestsLaunchTests.swift */,
			);
			path = RazrabsUITests;
			sourceTree = "<group>";
		};
		E907808E28B09FB50045F339 /* Services */ = {
			isa = PBXGroup;
			children = (
				E907808F28B09FC00045F339 /* RazrabsApi.swift */,
			);
			path = Services;
			sourceTree = "<group>";
		};
		E907809128B0AC1A0045F339 /* DataModel */ = {
			isa = PBXGroup;
			children = (
				E93EB7F428B6192F00338215 /* Responses */,
				E907809228B0AC380045F339 /* TagItem.swift */,
				E907809928B0F0470045F339 /* FeedItem.swift */,
				E9BD098028B5E4450063CA24 /* Position.swift */,
				E9BD098628B5EBFD0063CA24 /* SimplePost.swift */,
				E9BD098C28B5EFD30063CA24 /* Configuration.swift */,
				E9BD099228B5F1500063CA24 /* ComponentItem.swift */,
				E9BD099828B5F4450063CA24 /* PostOnFrontPage.swift */,
				E9BD099E28B601070063CA24 /* FrontPage.swift */,
			);
			path = DataModel;
			sourceTree = "<group>";
		};
		E907809D28B0F1FB0045F339 /* Extensions */ = {
			isa = PBXGroup;
			children = (
				E907809E28B0F21B0045F339 /* JSONDecoder+dataModelDecoder.swift */,
				D3BDFB0328BA49610062FADD /* Color+RGB.swift */,
			);
			path = Extensions;
			sourceTree = "<group>";
		};
		E90780A028B12AB50045F339 /* Extensions */ = {
			isa = PBXGroup;
			children = (
				E90780A128B12AC40045F339 /* Date+iso.swift */,
				E90780A328B133BA0045F339 /* TagItem+Equatable.swift */,
				E90780A528B1341E0045F339 /* FeedItem+Equatable.swift */,
				E9BD098428B5E4E20063CA24 /* Position+Equatable.swift */,
				E9BD098828B5EC790063CA24 /* SimplePost+Equatable.swift */,
				E9BD098E28B5F0070063CA24 /* Configuration+Equatable.swift */,
				E9BD099428B5F1900063CA24 /* ComponentItem+Equatable.swift */,
				E9BD099A28B5F6630063CA24 /* PostOnFrontPage+Equatable.swift */,
				E93EB7F028B60CE700338215 /* FrontPage+Equatable.swift */,
			);
			path = Extensions;
			sourceTree = "<group>";
		};
		E93EB7F428B6192F00338215 /* Responses */ = {
			isa = PBXGroup;
			children = (
				E90780A728B136A40045F339 /* FeedResponse.swift */,
				E93EB7F528B6194500338215 /* CurrentFrontPageResponse.swift */,
			);
			path = Responses;
			sourceTree = "<group>";
		};
/* End PBXGroup section */

/* Begin PBXNativeTarget section */
		E907806028B09D6A0045F339 /* Razrabs */ = {
			isa = PBXNativeTarget;
			buildConfigurationList = E907808528B09D6D0045F339 /* Build configuration list for PBXNativeTarget "Razrabs" */;
			buildPhases = (
				E907805D28B09D6A0045F339 /* Sources */,
				E907805E28B09D6A0045F339 /* Frameworks */,
				E907805F28B09D6A0045F339 /* Resources */,
			);
			buildRules = (
			);
			dependencies = (
			);
			name = Razrabs;
			packageProductDependencies = (
				E907809728B0AE150045F339 /* Then */,
			);
			productName = Razrabs.ru;
			productReference = E907806128B09D6A0045F339 /* Razrabs.app */;
			productType = "com.apple.product-type.application";
		};
		E907807028B09D6D0045F339 /* RazrabsTests */ = {
			isa = PBXNativeTarget;
			buildConfigurationList = E907808828B09D6D0045F339 /* Build configuration list for PBXNativeTarget "RazrabsTests" */;
			buildPhases = (
				E907806D28B09D6D0045F339 /* Sources */,
				E907806E28B09D6D0045F339 /* Frameworks */,
				E907806F28B09D6D0045F339 /* Resources */,
			);
			buildRules = (
			);
			dependencies = (
				E907807328B09D6D0045F339 /* PBXTargetDependency */,
			);
			name = RazrabsTests;
			productName = Razrabs.ruTests;
			productReference = E907807128B09D6D0045F339 /* RazrabsTests.xctest */;
			productType = "com.apple.product-type.bundle.unit-test";
		};
		E907807A28B09D6D0045F339 /* RazrabsUITests */ = {
			isa = PBXNativeTarget;
			buildConfigurationList = E907808B28B09D6D0045F339 /* Build configuration list for PBXNativeTarget "RazrabsUITests" */;
			buildPhases = (
				E907807728B09D6D0045F339 /* Sources */,
				E907807828B09D6D0045F339 /* Frameworks */,
				E907807928B09D6D0045F339 /* Resources */,
			);
			buildRules = (
			);
			dependencies = (
				E907807D28B09D6D0045F339 /* PBXTargetDependency */,
			);
			name = RazrabsUITests;
			productName = Razrabs.ruUITests;
			productReference = E907807B28B09D6D0045F339 /* RazrabsUITests.xctest */;
			productType = "com.apple.product-type.bundle.ui-testing";
		};
/* End PBXNativeTarget section */

/* Begin PBXProject section */
		E907805928B09D6A0045F339 /* Project object */ = {
			isa = PBXProject;
			attributes = {
				BuildIndependentTargetsInParallel = 1;
				LastSwiftUpdateCheck = 1320;
				LastUpgradeCheck = 1320;
				TargetAttributes = {
					E907806028B09D6A0045F339 = {
						CreatedOnToolsVersion = 13.2.1;
					};
					E907807028B09D6D0045F339 = {
						CreatedOnToolsVersion = 13.2.1;
						TestTargetID = E907806028B09D6A0045F339;
					};
					E907807A28B09D6D0045F339 = {
						CreatedOnToolsVersion = 13.2.1;
						TestTargetID = E907806028B09D6A0045F339;
					};
				};
			};
			buildConfigurationList = E907805C28B09D6A0045F339 /* Build configuration list for PBXProject "Razrabs" */;
			compatibilityVersion = "Xcode 13.0";
			developmentRegion = en;
			hasScannedForEncodings = 0;
			knownRegions = (
				en,
				Base,
			);
			mainGroup = E907805828B09D6A0045F339;
			packageReferences = (
				E907809628B0AE150045F339 /* XCRemoteSwiftPackageReference "Then" */,
			);
			productRefGroup = E907806228B09D6A0045F339 /* Products */;
			projectDirPath = "";
			projectRoot = "";
			targets = (
				E907806028B09D6A0045F339 /* Razrabs */,
				E907807028B09D6D0045F339 /* RazrabsTests */,
				E907807A28B09D6D0045F339 /* RazrabsUITests */,
			);
		};
/* End PBXProject section */

/* Begin PBXResourcesBuildPhase section */
		E907805F28B09D6A0045F339 /* Resources */ = {
			isa = PBXResourcesBuildPhase;
			buildActionMask = 2147483647;
			files = (
				E907806C28B09D6D0045F339 /* Preview Assets.xcassets in Resources */,
				E907806928B09D6D0045F339 /* Assets.xcassets in Resources */,
			);
			runOnlyForDeploymentPostprocessing = 0;
		};
		E907806F28B09D6D0045F339 /* Resources */ = {
			isa = PBXResourcesBuildPhase;
			buildActionMask = 2147483647;
			files = (
			);
			runOnlyForDeploymentPostprocessing = 0;
		};
		E907807928B09D6D0045F339 /* Resources */ = {
			isa = PBXResourcesBuildPhase;
			buildActionMask = 2147483647;
			files = (
			);
			runOnlyForDeploymentPostprocessing = 0;
		};
/* End PBXResourcesBuildPhase section */

/* Begin PBXSourcesBuildPhase section */
		E907805D28B09D6A0045F339 /* Sources */ = {
			isa = PBXSourcesBuildPhase;
			buildActionMask = 2147483647;
			files = (
				E9BD098728B5EBFD0063CA24 /* SimplePost.swift in Sources */,
				D3BDFB0228BA36740062FADD /* FeedViewModel.swift in Sources */,
				E9BD099928B5F4450063CA24 /* PostOnFrontPage.swift in Sources */,
				E907809028B09FC00045F339 /* RazrabsApi.swift in Sources */,
				E9BD099F28B601070063CA24 /* FrontPage.swift in Sources */,
				D3BDFB0428BA49610062FADD /* Color+RGB.swift in Sources */,
				E90780A828B136A40045F339 /* FeedResponse.swift in Sources */,
				E907806728B09D6A0045F339 /* FeedView.swift in Sources */,
				E907806528B09D6A0045F339 /* RazrabsApp.swift in Sources */,
				E9BD099328B5F1500063CA24 /* ComponentItem.swift in Sources */,
				E907809A28B0F0470045F339 /* FeedItem.swift in Sources */,
				E9BD098D28B5EFD30063CA24 /* Configuration.swift in Sources */,
				D3BDFAFC28BA35DF0062FADD /* Color+Feed.swift in Sources */,
				E907809328B0AC380045F339 /* TagItem.swift in Sources */,
				E93EB7F628B6194500338215 /* CurrentFrontPageResponse.swift in Sources */,
				E9BD098128B5E4450063CA24 /* Position.swift in Sources */,
				E907809F28B0F21B0045F339 /* JSONDecoder+dataModelDecoder.swift in Sources */,
			);
			runOnlyForDeploymentPostprocessing = 0;
		};
		E907806D28B09D6D0045F339 /* Sources */ = {
			isa = PBXSourcesBuildPhase;
			buildActionMask = 2147483647;
			files = (
				E9BD099128B5F0480063CA24 /* ConfigurationTests.swift in Sources */,
				E9BD098528B5E4E20063CA24 /* Position+Equatable.swift in Sources */,
				E9BD098328B5E4970063CA24 /* PositionTests.swift in Sources */,
				E93EB7F328B60D3800338215 /* FrontPageTests.swift in Sources */,
				E90780A428B133BA0045F339 /* TagItem+Equatable.swift in Sources */,
				E9BD099B28B5F6630063CA24 /* PostOnFrontPage+Equatable.swift in Sources */,
				E9BD098B28B5ECE60063CA24 /* SimplePostTests.swift in Sources */,
				E9BD099528B5F1900063CA24 /* ComponentItem+Equatable.swift in Sources */,
				E90780A628B1341E0045F339 /* FeedItem+Equatable.swift in Sources */,
				E9BD098F28B5F0070063CA24 /* Configuration+Equatable.swift in Sources */,
				E93EB7F128B60CE700338215 /* FrontPage+Equatable.swift in Sources */,
				E9BD098928B5EC790063CA24 /* SimplePost+Equatable.swift in Sources */,
				E90780A228B12AC40045F339 /* Date+iso.swift in Sources */,
				E907809C28B0F1340045F339 /* FeedItemTests.swift in Sources */,
				E9BD099728B5F1D80063CA24 /* ComponentItemTests.swift in Sources */,
				E907809528B0ACA60045F339 /* TagItemTests.swift in Sources */,
				E9BD099D28B5F6AA0063CA24 /* PostOnFrontPageTests.swift in Sources */,
			);
			runOnlyForDeploymentPostprocessing = 0;
		};
		E907807728B09D6D0045F339 /* Sources */ = {
			isa = PBXSourcesBuildPhase;
			buildActionMask = 2147483647;
			files = (
				E907808028B09D6D0045F339 /* RazrabsUITests.swift in Sources */,
				E907808228B09D6D0045F339 /* RazrabsUITestsLaunchTests.swift in Sources */,
			);
			runOnlyForDeploymentPostprocessing = 0;
		};
/* End PBXSourcesBuildPhase section */

/* Begin PBXTargetDependency section */
		E907807328B09D6D0045F339 /* PBXTargetDependency */ = {
			isa = PBXTargetDependency;
			target = E907806028B09D6A0045F339 /* Razrabs */;
			targetProxy = E907807228B09D6D0045F339 /* PBXContainerItemProxy */;
		};
		E907807D28B09D6D0045F339 /* PBXTargetDependency */ = {
			isa = PBXTargetDependency;
			target = E907806028B09D6A0045F339 /* Razrabs */;
			targetProxy = E907807C28B09D6D0045F339 /* PBXContainerItemProxy */;
		};
/* End PBXTargetDependency section */

/* Begin XCBuildConfiguration section */
		E907808328B09D6D0045F339 /* Debug */ = {
			isa = XCBuildConfiguration;
			buildSettings = {
				ALWAYS_SEARCH_USER_PATHS = NO;
				CLANG_ANALYZER_NONNULL = YES;
				CLANG_ANALYZER_NUMBER_OBJECT_CONVERSION = YES_AGGRESSIVE;
				CLANG_CXX_LANGUAGE_STANDARD = "gnu++17";
				CLANG_CXX_LIBRARY = "libc++";
				CLANG_ENABLE_MODULES = YES;
				CLANG_ENABLE_OBJC_ARC = YES;
				CLANG_ENABLE_OBJC_WEAK = YES;
				CLANG_WARN_BLOCK_CAPTURE_AUTORELEASING = YES;
				CLANG_WARN_BOOL_CONVERSION = YES;
				CLANG_WARN_COMMA = YES;
				CLANG_WARN_CONSTANT_CONVERSION = YES;
				CLANG_WARN_DEPRECATED_OBJC_IMPLEMENTATIONS = YES;
				CLANG_WARN_DIRECT_OBJC_ISA_USAGE = YES_ERROR;
				CLANG_WARN_DOCUMENTATION_COMMENTS = YES;
				CLANG_WARN_EMPTY_BODY = YES;
				CLANG_WARN_ENUM_CONVERSION = YES;
				CLANG_WARN_INFINITE_RECURSION = YES;
				CLANG_WARN_INT_CONVERSION = YES;
				CLANG_WARN_NON_LITERAL_NULL_CONVERSION = YES;
				CLANG_WARN_OBJC_IMPLICIT_RETAIN_SELF = YES;
				CLANG_WARN_OBJC_LITERAL_CONVERSION = YES;
				CLANG_WARN_OBJC_ROOT_CLASS = YES_ERROR;
				CLANG_WARN_QUOTED_INCLUDE_IN_FRAMEWORK_HEADER = YES;
				CLANG_WARN_RANGE_LOOP_ANALYSIS = YES;
				CLANG_WARN_STRICT_PROTOTYPES = YES;
				CLANG_WARN_SUSPICIOUS_MOVE = YES;
				CLANG_WARN_UNGUARDED_AVAILABILITY = YES_AGGRESSIVE;
				CLANG_WARN_UNREACHABLE_CODE = YES;
				CLANG_WARN__DUPLICATE_METHOD_MATCH = YES;
				COPY_PHASE_STRIP = NO;
				DEBUG_INFORMATION_FORMAT = dwarf;
				ENABLE_STRICT_OBJC_MSGSEND = YES;
				ENABLE_TESTABILITY = YES;
				GCC_C_LANGUAGE_STANDARD = gnu11;
				GCC_DYNAMIC_NO_PIC = NO;
				GCC_NO_COMMON_BLOCKS = YES;
				GCC_OPTIMIZATION_LEVEL = 0;
				GCC_PREPROCESSOR_DEFINITIONS = (
					"DEBUG=1",
					"$(inherited)",
				);
				GCC_WARN_64_TO_32_BIT_CONVERSION = YES;
				GCC_WARN_ABOUT_RETURN_TYPE = YES_ERROR;
				GCC_WARN_UNDECLARED_SELECTOR = YES;
				GCC_WARN_UNINITIALIZED_AUTOS = YES_AGGRESSIVE;
				GCC_WARN_UNUSED_FUNCTION = YES;
				GCC_WARN_UNUSED_VARIABLE = YES;
				IPHONEOS_DEPLOYMENT_TARGET = 15.2;
				MTL_ENABLE_DEBUG_INFO = INCLUDE_SOURCE;
				MTL_FAST_MATH = YES;
				ONLY_ACTIVE_ARCH = YES;
				SDKROOT = iphoneos;
				SWIFT_ACTIVE_COMPILATION_CONDITIONS = DEBUG;
				SWIFT_OPTIMIZATION_LEVEL = "-Onone";
			};
			name = Debug;
		};
		E907808428B09D6D0045F339 /* Release */ = {
			isa = XCBuildConfiguration;
			buildSettings = {
				ALWAYS_SEARCH_USER_PATHS = NO;
				CLANG_ANALYZER_NONNULL = YES;
				CLANG_ANALYZER_NUMBER_OBJECT_CONVERSION = YES_AGGRESSIVE;
				CLANG_CXX_LANGUAGE_STANDARD = "gnu++17";
				CLANG_CXX_LIBRARY = "libc++";
				CLANG_ENABLE_MODULES = YES;
				CLANG_ENABLE_OBJC_ARC = YES;
				CLANG_ENABLE_OBJC_WEAK = YES;
				CLANG_WARN_BLOCK_CAPTURE_AUTORELEASING = YES;
				CLANG_WARN_BOOL_CONVERSION = YES;
				CLANG_WARN_COMMA = YES;
				CLANG_WARN_CONSTANT_CONVERSION = YES;
				CLANG_WARN_DEPRECATED_OBJC_IMPLEMENTATIONS = YES;
				CLANG_WARN_DIRECT_OBJC_ISA_USAGE = YES_ERROR;
				CLANG_WARN_DOCUMENTATION_COMMENTS = YES;
				CLANG_WARN_EMPTY_BODY = YES;
				CLANG_WARN_ENUM_CONVERSION = YES;
				CLANG_WARN_INFINITE_RECURSION = YES;
				CLANG_WARN_INT_CONVERSION = YES;
				CLANG_WARN_NON_LITERAL_NULL_CONVERSION = YES;
				CLANG_WARN_OBJC_IMPLICIT_RETAIN_SELF = YES;
				CLANG_WARN_OBJC_LITERAL_CONVERSION = YES;
				CLANG_WARN_OBJC_ROOT_CLASS = YES_ERROR;
				CLANG_WARN_QUOTED_INCLUDE_IN_FRAMEWORK_HEADER = YES;
				CLANG_WARN_RANGE_LOOP_ANALYSIS = YES;
				CLANG_WARN_STRICT_PROTOTYPES = YES;
				CLANG_WARN_SUSPICIOUS_MOVE = YES;
				CLANG_WARN_UNGUARDED_AVAILABILITY = YES_AGGRESSIVE;
				CLANG_WARN_UNREACHABLE_CODE = YES;
				CLANG_WARN__DUPLICATE_METHOD_MATCH = YES;
				COPY_PHASE_STRIP = NO;
				DEBUG_INFORMATION_FORMAT = "dwarf-with-dsym";
				ENABLE_NS_ASSERTIONS = NO;
				ENABLE_STRICT_OBJC_MSGSEND = YES;
				GCC_C_LANGUAGE_STANDARD = gnu11;
				GCC_NO_COMMON_BLOCKS = YES;
				GCC_WARN_64_TO_32_BIT_CONVERSION = YES;
				GCC_WARN_ABOUT_RETURN_TYPE = YES_ERROR;
				GCC_WARN_UNDECLARED_SELECTOR = YES;
				GCC_WARN_UNINITIALIZED_AUTOS = YES_AGGRESSIVE;
				GCC_WARN_UNUSED_FUNCTION = YES;
				GCC_WARN_UNUSED_VARIABLE = YES;
				IPHONEOS_DEPLOYMENT_TARGET = 15.2;
				MTL_ENABLE_DEBUG_INFO = NO;
				MTL_FAST_MATH = YES;
				SDKROOT = iphoneos;
				SWIFT_COMPILATION_MODE = wholemodule;
				SWIFT_OPTIMIZATION_LEVEL = "-O";
				VALIDATE_PRODUCT = YES;
			};
			name = Release;
		};
		E907808628B09D6D0045F339 /* Debug */ = {
			isa = XCBuildConfiguration;
			buildSettings = {
				ASSETCATALOG_COMPILER_APPICON_NAME = AppIcon;
				ASSETCATALOG_COMPILER_GLOBAL_ACCENT_COLOR_NAME = AccentColor;
				CODE_SIGN_STYLE = Automatic;
				CURRENT_PROJECT_VERSION = 1;
				DEVELOPMENT_ASSET_PATHS = "\"Razrabs/Preview Content\"";
				DEVELOPMENT_TEAM = BFLW5CDF8X;
				ENABLE_PREVIEWS = YES;
				GENERATE_INFOPLIST_FILE = YES;
				INFOPLIST_KEY_UIApplicationSceneManifest_Generation = YES;
				INFOPLIST_KEY_UIApplicationSupportsIndirectInputEvents = YES;
				INFOPLIST_KEY_UILaunchScreen_Generation = YES;
				INFOPLIST_KEY_UISupportedInterfaceOrientations_iPad = "UIInterfaceOrientationPortrait UIInterfaceOrientationPortraitUpsideDown UIInterfaceOrientationLandscapeLeft UIInterfaceOrientationLandscapeRight";
				INFOPLIST_KEY_UISupportedInterfaceOrientations_iPhone = "UIInterfaceOrientationPortrait UIInterfaceOrientationLandscapeLeft UIInterfaceOrientationLandscapeRight";
				LD_RUNPATH_SEARCH_PATHS = (
					"$(inherited)",
					"@executable_path/Frameworks",
				);
				MARKETING_VERSION = 1.0;
				PRODUCT_BUNDLE_IDENTIFIER = "outlawstudio.kz.Razrabs-ru";
				PRODUCT_NAME = "$(TARGET_NAME)";
				SWIFT_EMIT_LOC_STRINGS = YES;
				SWIFT_VERSION = 5.0;
				TARGETED_DEVICE_FAMILY = "1,2";
			};
			name = Debug;
		};
		E907808728B09D6D0045F339 /* Release */ = {
			isa = XCBuildConfiguration;
			buildSettings = {
				ASSETCATALOG_COMPILER_APPICON_NAME = AppIcon;
				ASSETCATALOG_COMPILER_GLOBAL_ACCENT_COLOR_NAME = AccentColor;
				CODE_SIGN_STYLE = Automatic;
				CURRENT_PROJECT_VERSION = 1;
				DEVELOPMENT_ASSET_PATHS = "\"Razrabs/Preview Content\"";
				DEVELOPMENT_TEAM = BFLW5CDF8X;
				ENABLE_PREVIEWS = YES;
				GENERATE_INFOPLIST_FILE = YES;
				INFOPLIST_KEY_UIApplicationSceneManifest_Generation = YES;
				INFOPLIST_KEY_UIApplicationSupportsIndirectInputEvents = YES;
				INFOPLIST_KEY_UILaunchScreen_Generation = YES;
				INFOPLIST_KEY_UISupportedInterfaceOrientations_iPad = "UIInterfaceOrientationPortrait UIInterfaceOrientationPortraitUpsideDown UIInterfaceOrientationLandscapeLeft UIInterfaceOrientationLandscapeRight";
				INFOPLIST_KEY_UISupportedInterfaceOrientations_iPhone = "UIInterfaceOrientationPortrait UIInterfaceOrientationLandscapeLeft UIInterfaceOrientationLandscapeRight";
				LD_RUNPATH_SEARCH_PATHS = (
					"$(inherited)",
					"@executable_path/Frameworks",
				);
				MARKETING_VERSION = 1.0;
				PRODUCT_BUNDLE_IDENTIFIER = "outlawstudio.kz.Razrabs-ru";
				PRODUCT_NAME = "$(TARGET_NAME)";
				SWIFT_EMIT_LOC_STRINGS = YES;
				SWIFT_VERSION = 5.0;
				TARGETED_DEVICE_FAMILY = "1,2";
			};
			name = Release;
		};
		E907808928B09D6D0045F339 /* Debug */ = {
			isa = XCBuildConfiguration;
			buildSettings = {
				ALWAYS_EMBED_SWIFT_STANDARD_LIBRARIES = YES;
				BUNDLE_LOADER = "$(TEST_HOST)";
				CODE_SIGN_STYLE = Automatic;
				CURRENT_PROJECT_VERSION = 1;
				DEVELOPMENT_TEAM = QDTPG5DB79;
				GENERATE_INFOPLIST_FILE = YES;
				IPHONEOS_DEPLOYMENT_TARGET = 15.2;
				MARKETING_VERSION = 1.0;
				PRODUCT_BUNDLE_IDENTIFIER = "outlawstudio.kz.Razrabs-ruTests";
				PRODUCT_NAME = "$(TARGET_NAME)";
				SWIFT_EMIT_LOC_STRINGS = NO;
				SWIFT_VERSION = 5.0;
				TARGETED_DEVICE_FAMILY = "1,2";
				TEST_HOST = "$(BUILT_PRODUCTS_DIR)/Razrabs.app/Razrabs";
			};
			name = Debug;
		};
		E907808A28B09D6D0045F339 /* Release */ = {
			isa = XCBuildConfiguration;
			buildSettings = {
				ALWAYS_EMBED_SWIFT_STANDARD_LIBRARIES = YES;
				BUNDLE_LOADER = "$(TEST_HOST)";
				CODE_SIGN_STYLE = Automatic;
				CURRENT_PROJECT_VERSION = 1;
				DEVELOPMENT_TEAM = QDTPG5DB79;
				GENERATE_INFOPLIST_FILE = YES;
				IPHONEOS_DEPLOYMENT_TARGET = 15.2;
				MARKETING_VERSION = 1.0;
				PRODUCT_BUNDLE_IDENTIFIER = "outlawstudio.kz.Razrabs-ruTests";
				PRODUCT_NAME = "$(TARGET_NAME)";
				SWIFT_EMIT_LOC_STRINGS = NO;
				SWIFT_VERSION = 5.0;
				TARGETED_DEVICE_FAMILY = "1,2";
				TEST_HOST = "$(BUILT_PRODUCTS_DIR)/Razrabs.app/Razrabs";
			};
			name = Release;
		};
		E907808C28B09D6D0045F339 /* Debug */ = {
			isa = XCBuildConfiguration;
			buildSettings = {
				ALWAYS_EMBED_SWIFT_STANDARD_LIBRARIES = YES;
				CODE_SIGN_STYLE = Automatic;
				CURRENT_PROJECT_VERSION = 1;
				DEVELOPMENT_TEAM = QDTPG5DB79;
				GENERATE_INFOPLIST_FILE = YES;
				MARKETING_VERSION = 1.0;
				PRODUCT_BUNDLE_IDENTIFIER = "outlawstudio.kz.Razrabs-ruUITests";
				PRODUCT_NAME = "$(TARGET_NAME)";
				SWIFT_EMIT_LOC_STRINGS = NO;
				SWIFT_VERSION = 5.0;
				TARGETED_DEVICE_FAMILY = "1,2";
				TEST_TARGET_NAME = Razrabs;
			};
			name = Debug;
		};
		E907808D28B09D6D0045F339 /* Release */ = {
			isa = XCBuildConfiguration;
			buildSettings = {
				ALWAYS_EMBED_SWIFT_STANDARD_LIBRARIES = YES;
				CODE_SIGN_STYLE = Automatic;
				CURRENT_PROJECT_VERSION = 1;
				DEVELOPMENT_TEAM = QDTPG5DB79;
				GENERATE_INFOPLIST_FILE = YES;
				MARKETING_VERSION = 1.0;
				PRODUCT_BUNDLE_IDENTIFIER = "outlawstudio.kz.Razrabs-ruUITests";
				PRODUCT_NAME = "$(TARGET_NAME)";
				SWIFT_EMIT_LOC_STRINGS = NO;
				SWIFT_VERSION = 5.0;
				TARGETED_DEVICE_FAMILY = "1,2";
				TEST_TARGET_NAME = Razrabs;
			};
			name = Release;
		};
/* End XCBuildConfiguration section */

/* Begin XCConfigurationList section */
		E907805C28B09D6A0045F339 /* Build configuration list for PBXProject "Razrabs" */ = {
			isa = XCConfigurationList;
			buildConfigurations = (
				E907808328B09D6D0045F339 /* Debug */,
				E907808428B09D6D0045F339 /* Release */,
			);
			defaultConfigurationIsVisible = 0;
			defaultConfigurationName = Release;
		};
		E907808528B09D6D0045F339 /* Build configuration list for PBXNativeTarget "Razrabs" */ = {
			isa = XCConfigurationList;
			buildConfigurations = (
				E907808628B09D6D0045F339 /* Debug */,
				E907808728B09D6D0045F339 /* Release */,
			);
			defaultConfigurationIsVisible = 0;
			defaultConfigurationName = Release;
		};
		E907808828B09D6D0045F339 /* Build configuration list for PBXNativeTarget "RazrabsTests" */ = {
			isa = XCConfigurationList;
			buildConfigurations = (
				E907808928B09D6D0045F339 /* Debug */,
				E907808A28B09D6D0045F339 /* Release */,
			);
			defaultConfigurationIsVisible = 0;
			defaultConfigurationName = Release;
		};
		E907808B28B09D6D0045F339 /* Build configuration list for PBXNativeTarget "RazrabsUITests" */ = {
			isa = XCConfigurationList;
			buildConfigurations = (
				E907808C28B09D6D0045F339 /* Debug */,
				E907808D28B09D6D0045F339 /* Release */,
			);
			defaultConfigurationIsVisible = 0;
			defaultConfigurationName = Release;
		};
/* End XCConfigurationList section */

/* Begin XCRemoteSwiftPackageReference section */
		E907809628B0AE150045F339 /* XCRemoteSwiftPackageReference "Then" */ = {
			isa = XCRemoteSwiftPackageReference;
			repositoryURL = "https://github.com/devxoul/Then";
			requirement = {
				branch = master;
				kind = branch;
			};
		};
/* End XCRemoteSwiftPackageReference section */

/* Begin XCSwiftPackageProductDependency section */
		E907809728B0AE150045F339 /* Then */ = {
			isa = XCSwiftPackageProductDependency;
			package = E907809628B0AE150045F339 /* XCRemoteSwiftPackageReference "Then" */;
			productName = Then;
		};
/* End XCSwiftPackageProductDependency section */
	};
	rootObject = E907805928B09D6A0045F339 /* Project object */;
}
